<?xml version="1.0" encoding="utf-8"?>
<Project ToolsVersion="4.0" xmlns="http://schemas.microsoft.com/developer/msbuild/2003">
  <ItemGroup>
    <ClCompile Include="tests\Test00_CUDA_BCG_Basic_Env_Check.cpp" />
    <ClCompile Include="tests\Test01_CUDA_BCG_100_Games.cpp" />
    <ClCompile Include="tests\Test02_CUDA_BCG_1000_Games.cpp" />
    <ClCompile Include="tests\Test03_CUDA_BCG_10000_Games.cpp" />
    <ClCompile Include="tests\Test04_CUDA_BCG_Evolver_3700_Games.cpp" />
    <ClCompile Include="tests\Test05_CUDA_BCG_Population_Instantiation_1000_Games.cpp" />
    <ClCompile Include="src\GA.cpp" />
    <ClCompile Include="src\Helpers.cpp" />
    <ClCompile Include="src\Main.cpp" />
    <ClCompile Include="src\Population.cpp" />
    <ClCompile Include="tests\Test06_GA_Cross_Uniformity.cpp" />
    <ClCompile Include="tests\Test07_GA_Cross_Rule_Inheritance.cpp" />
    <ClCompile Include="Notes\Notes about the GA Test Cases.cpp" />
    <ClCompile Include="tests\Test08_GA_Cross_Randomness.cpp" />
    <ClCompile Include="tests\Test09_GA_Mutate_Mutation_Occured.cpp" />
    <ClCompile Include="tests\testAdd.cpp" />
  </ItemGroup>
  <ItemGroup>
    <ClInclude Include="include\Card.h" />
    <ClInclude Include="include\GA.h" />
    <ClInclude Include="include\Game.h" />
    <ClInclude Include="include\Hand.h" />
    <ClInclude Include="include\Helpers.h" />
    <ClInclude Include="include\Kpax.h" />
    <ClInclude Include="include\Player.h" />
    <ClInclude Include="include\Population.h" />
    <ClInclude Include="include\Strategy.h" />
    <ClInclude Include="include\Utils.h" />
    <ClInclude Include="tests\testAdd.h" />
  </ItemGroup>
  <ItemGroup>
    <None Include="config\make-env.bat" />
    <None Include="config\Makefile" />
    <None Include="config\make-gattaca.bat" />
    <None Include="config\nvcc-env.bat" />
  </ItemGroup>
  <ItemGroup>
    <Filter Include="src">
      <UniqueIdentifier>{dcb5eaed-4347-4759-9ccb-3591ec7ccc67}</UniqueIdentifier>
    </Filter>
    <Filter Include="tests">
      <UniqueIdentifier>{92e0d5ea-ff6d-4a88-87cf-92514adb152c}</UniqueIdentifier>
    </Filter>
    <Filter Include="include">
      <UniqueIdentifier>{9e23f6c7-8814-4174-baf8-266ceaee11f7}</UniqueIdentifier>
    </Filter>
    <Filter Include="config">
      <UniqueIdentifier>{febf5303-5f3a-4bf6-93a4-ffb84ba42f54}</UniqueIdentifier>
    </Filter>
  </ItemGroup>
  <ItemGroup>
    <CudaCompile Include="src\Kpax.cu" />
  </ItemGroup>
</Project>