<?xml version="1.0" encoding="utf-8"?>
<Project ToolsVersion="4.0" xmlns="http://schemas.microsoft.com/developer/msbuild/2003">
  <ItemGroup>
    <ClCompile Include="..\..\..\BCG\GA.cpp">
      <Filter>src</Filter>
    </ClCompile>
    <ClCompile Include="..\..\..\BCG\Main.cpp">
      <Filter>src</Filter>
    </ClCompile>
    <ClCompile Include="..\..\..\BCG\Helpers.cpp">
      <Filter>src</Filter>
    </ClCompile>
    <ClCompile Include="..\..\..\BCG\Population.cpp">
      <Filter>src</Filter>
    </ClCompile>
    <ClCompile Include="..\..\..\BCG\Test05_CUDA_BCG_Population_Instantiation_1000_Games.cpp">
      <Filter>tests</Filter>
    </ClCompile>
    <ClCompile Include="..\..\..\BCG\Test04_CUDA_BCG_Evolver_3700_Games.cpp">
      <Filter>tests</Filter>
    </ClCompile>
    <ClCompile Include="..\..\..\BCG\Test03_CUDA_BCG_10000_Games.cpp">
      <Filter>tests</Filter>
    </ClCompile>
    <ClCompile Include="..\..\..\BCG\Test02_CUDA_BCG_1000_Games.cpp">
      <Filter>tests</Filter>
    </ClCompile>
    <ClCompile Include="..\..\..\BCG\Test01_CUDA_BCG_100_Games.cpp">
      <Filter>tests</Filter>
    </ClCompile>
    <ClCompile Include="..\..\..\BCG\Test00_CUDA_BCG_Basic_Env_Check.cpp">
      <Filter>tests</Filter>
    </ClCompile>
    <ClCompile Include="..\..\..\Store\Test11.cpp">
      <Filter>tests</Filter>
    </ClCompile>
    <ClCompile Include="..\..\..\Store\Test12.cpp">
      <Filter>tests</Filter>
    </ClCompile>
    <ClCompile Include="..\..\..\Store\Test13.cpp">
      <Filter>tests</Filter>
    </ClCompile>
  </ItemGroup>
  <ItemGroup>
    <ClInclude Include="..\..\..\BCG\Kpax.h">
      <Filter>include</Filter>
    </ClInclude>
    <ClInclude Include="..\..\..\BCG\Helpers.h">
      <Filter>include</Filter>
    </ClInclude>
    <ClInclude Include="..\..\..\BCG\Hand.h">
      <Filter>include</Filter>
    </ClInclude>
    <ClInclude Include="..\..\..\BCG\Game.h">
      <Filter>include</Filter>
    </ClInclude>
    <ClInclude Include="..\..\..\BCG\GA.h">
      <Filter>include</Filter>
    </ClInclude>
    <ClInclude Include="..\..\..\BCG\Card.h">
      <Filter>include</Filter>
    </ClInclude>
    <ClInclude Include="..\..\..\BCG\Utils.h">
      <Filter>include</Filter>
    </ClInclude>
    <ClInclude Include="..\..\..\BCG\Strategy.h">
      <Filter>include</Filter>
    </ClInclude>
    <ClInclude Include="..\..\..\BCG\Population.h">
      <Filter>include</Filter>
    </ClInclude>
    <ClInclude Include="..\..\..\BCG\Player.h">
      <Filter>include</Filter>
    </ClInclude>
  </ItemGroup>
  <ItemGroup>
    <None Include="..\..\..\BCG\nvcc-env.bat">
      <Filter>config</Filter>
    </None>
    <None Include="..\..\..\BCG\make-gattaca.bat">
      <Filter>config</Filter>
    </None>
    <None Include="..\..\..\BCG\Makefile">
      <Filter>config</Filter>
    </None>
    <None Include="..\..\..\BCG\make-env.bat">
      <Filter>config</Filter>
    </None>
  </ItemGroup>
  <ItemGroup>
    <Filter Include="src">
      <UniqueIdentifier>{dcb5eaed-4347-4759-9ccb-3591ec7ccc67}</UniqueIdentifier>
    </Filter>
    <Filter Include="tests">
      <UniqueIdentifier>{92e0d5ea-ff6d-4a88-87cf-92514adb152c}</UniqueIdentifier>
    </Filter>
    <Filter Include="include">
      <UniqueIdentifier>{9e23f6c7-8814-4174-baf8-266ceaee11f7}</UniqueIdentifier>
    </Filter>
    <Filter Include="config">
      <UniqueIdentifier>{febf5303-5f3a-4bf6-93a4-ffb84ba42f54}</UniqueIdentifier>
    </Filter>
  </ItemGroup>
  <ItemGroup>
    <CudaCompile Include="..\..\..\BCG\Kpax.cu">
      <Filter>src</Filter>
    </CudaCompile>
  </ItemGroup>
</Project>