<?xml version="1.0" encoding="utf-8"?>
<Project ToolsVersion="4.0" xmlns="http://schemas.microsoft.com/developer/msbuild/2003">
  <ItemGroup>
    <ClCompile Include="tests\CUDA_BCG\Test00_CUDA_BCG_Basic_Env_Check.cpp" />
    <ClCompile Include="tests\CUDA_BCG\Test01_CUDA_BCG_100_Games.cpp" />
    <ClCompile Include="tests\CUDA_BCG\Test02_CUDA_BCG_1000_Games.cpp" />
    <ClCompile Include="tests\CUDA_BCG\Test03_CUDA_BCG_10000_Games.cpp" />
    <ClCompile Include="tests\CUDA_BCG\Test04_CUDA_BCG_Evolver_3700_Games.cpp" />
    <ClCompile Include="tests\GA\Evolve\population_Instantiation.cpp" />
    <ClCompile Include="cpp\GA.cpp" />
    <ClCompile Include="cpp\Helpers.cpp" />
    <ClCompile Include="cpp\Main.cpp" />
    <ClCompile Include="cpp\Population.cpp" />
    <ClCompile Include="tests\GA\Cross\isIdentical.cpp" />
    <ClCompile Include="tests\GA\Cross\cross0.cpp" />
    <ClCompile Include="Notes\Notes about the GA Test Cases.cpp" />
    <ClCompile Include="tests\GA\Cross\cross1.cpp" />
    <ClCompile Include="tests\GA\Mutate\mutate015.cpp" />
    <ClCompile Include="tests\GA\Mutate\mutate0.cpp" />
    <ClCompile Include="tests\GA\Mutate\mutate05.cpp" />
  </ItemGroup>
  <ItemGroup>
    <ClInclude Include="include\Card.h" />
    <ClInclude Include="include\GA.h" />
    <ClInclude Include="include\Game.h" />
    <ClInclude Include="include\Hand.h" />
    <ClInclude Include="include\Helpers.h" />
    <ClInclude Include="include\Kpax.h" />
    <ClInclude Include="include\Player.h" />
    <ClInclude Include="include\Population.h" />
    <ClInclude Include="include\Strategy.h" />
    <ClInclude Include="include\Utils.h" />
    <ClInclude Include="tests\GA\Strategies\Strategy1.h" />
  </ItemGroup>
  <ItemGroup>
    <None Include="config\make-env.bat" />
    <None Include="config\Makefile" />
    <None Include="config\make-gattaca.bat" />
    <None Include="config\nvcc-env.bat" />
  </ItemGroup>
  <ItemGroup>
    <Filter Include="src">
      <UniqueIdentifier>{dcb5eaed-4347-4759-9ccb-3591ec7ccc67}</UniqueIdentifier>
    </Filter>
    <Filter Include="tests">
      <UniqueIdentifier>{92e0d5ea-ff6d-4a88-87cf-92514adb152c}</UniqueIdentifier>
    </Filter>
    <Filter Include="include">
      <UniqueIdentifier>{9e23f6c7-8814-4174-baf8-266ceaee11f7}</UniqueIdentifier>
    </Filter>
    <Filter Include="config">
      <UniqueIdentifier>{febf5303-5f3a-4bf6-93a4-ffb84ba42f54}</UniqueIdentifier>
    </Filter>
  </ItemGroup>
  <ItemGroup>
    <CudaCompile Include="cpp\Kpax.cu" />
  </ItemGroup>
</Project>